
Microsoft Visual Studio Solution File, Format Version 11.00
# Visual Studio 2010
Project("{FAE04EC0-301F-11D3-BF4B-00C04F79EFBC}") = "CodeNote", "CodeNote\CodeNote.csproj", "{626F5A86-5E1F-477E-B1C6-669093667E78}"
EndProject
Project("{FAE04EC0-301F-11D3-BF4B-00C04F79EFBC}") = "CodeNote.Dal", "CodeNote.Dal\CodeNote.Dal.csproj", "{FEB2B257-3C27-47F8-96A5-115CBE3DEB3B}"
EndProject
Project("{FAE04EC0-301F-11D3-BF4B-00C04F79EFBC}") = "CodeNote.Entity", "CodeNote.Entity\CodeNote.Entity.csproj", "{085F9F54-3A74-4629-9E43-EEBDF094FE8B}"
EndProject
Project("{FAE04EC0-301F-11D3-BF4B-00C04F79EFBC}") = "CodeNote.Common", "CodeNote.Common\CodeNote.Common.csproj", "{3C372DE7-4940-48A3-8DA1-45FC26DAF500}"
EndProject
Project("{FAE04EC0-301F-11D3-BF4B-00C04F79EFBC}") = "CodeNote.Markdown", "CodeNote.Markdown\CodeNote.Markdown.csproj", "{892AC602-4809-42F2-A539-C62CDF5F1776}"
EndProject
Project("{FAE04EC0-301F-11D3-BF4B-00C04F79EFBC}") = "CodeNote.Manager", "CodeNote.Manager\CodeNote.Manager.csproj", "{585F4C93-2770-484F-B1DF-C8DBC76B1F19}"
EndProject
Project("{FAE04EC0-301F-11D3-BF4B-00C04F79EFBC}") = "CodeNote.Web", "CodeNote.Web\CodeNote.Web.csproj", "{81D7901E-4878-4956-AB12-E9CC1691BAF1}"
EndProject
Project("{FAE04EC0-301F-11D3-BF4B-00C04F79EFBC}") = "CodeNote.Luc", "CodeNote.Luc\CodeNote.Luc.csproj", "{001B48D7-61A3-4CE6-B7D3-B4B8EE20A24B}"
EndProject
Global
	GlobalSection(SolutionConfigurationPlatforms) = preSolution
		Debug|Any CPU = Debug|Any CPU
		Debug|Mixed Platforms = Debug|Mixed Platforms
		Debug|x86 = Debug|x86
		Release|Any CPU = Release|Any CPU
		Release|Mixed Platforms = Release|Mixed Platforms
		Release|x86 = Release|x86
	EndGlobalSection
	GlobalSection(ProjectConfigurationPlatforms) = postSolution
		{626F5A86-5E1F-477E-B1C6-669093667E78}.Debug|Any CPU.ActiveCfg = Debug|Any CPU
		{626F5A86-5E1F-477E-B1C6-669093667E78}.Debug|Any CPU.Build.0 = Debug|Any CPU
		{626F5A86-5E1F-477E-B1C6-669093667E78}.Debug|Mixed Platforms.ActiveCfg = Debug|Any CPU
		{626F5A86-5E1F-477E-B1C6-669093667E78}.Debug|Mixed Platforms.Build.0 = Debug|Any CPU
		{626F5A86-5E1F-477E-B1C6-669093667E78}.Debug|x86.ActiveCfg = Debug|Any CPU
		{626F5A86-5E1F-477E-B1C6-669093667E78}.Release|Any CPU.ActiveCfg = Release|Any CPU
		{626F5A86-5E1F-477E-B1C6-669093667E78}.Release|Any CPU.Build.0 = Release|Any CPU
		{626F5A86-5E1F-477E-B1C6-669093667E78}.Release|Mixed Platforms.ActiveCfg = Release|Any CPU
		{626F5A86-5E1F-477E-B1C6-669093667E78}.Release|Mixed Platforms.Build.0 = Release|Any CPU
		{626F5A86-5E1F-477E-B1C6-669093667E78}.Release|x86.ActiveCfg = Release|Any CPU
		{FEB2B257-3C27-47F8-96A5-115CBE3DEB3B}.Debug|Any CPU.ActiveCfg = Debug|Any CPU
		{FEB2B257-3C27-47F8-96A5-115CBE3DEB3B}.Debug|Any CPU.Build.0 = Debug|Any CPU
		{FEB2B257-3C27-47F8-96A5-115CBE3DEB3B}.Debug|Mixed Platforms.ActiveCfg = Debug|Any CPU
		{FEB2B257-3C27-47F8-96A5-115CBE3DEB3B}.Debug|Mixed Platforms.Build.0 = Debug|Any CPU
		{FEB2B257-3C27-47F8-96A5-115CBE3DEB3B}.Debug|x86.ActiveCfg = Debug|Any CPU
		{FEB2B257-3C27-47F8-96A5-115CBE3DEB3B}.Release|Any CPU.ActiveCfg = Release|Any CPU
		{FEB2B257-3C27-47F8-96A5-115CBE3DEB3B}.Release|Any CPU.Build.0 = Release|Any CPU
		{FEB2B257-3C27-47F8-96A5-115CBE3DEB3B}.Release|Mixed Platforms.ActiveCfg = Release|Any CPU
		{FEB2B257-3C27-47F8-96A5-115CBE3DEB3B}.Release|Mixed Platforms.Build.0 = Release|Any CPU
		{FEB2B257-3C27-47F8-96A5-115CBE3DEB3B}.Release|x86.ActiveCfg = Release|Any CPU
		{085F9F54-3A74-4629-9E43-EEBDF094FE8B}.Debug|Any CPU.ActiveCfg = Debug|Any CPU
		{085F9F54-3A74-4629-9E43-EEBDF094FE8B}.Debug|Any CPU.Build.0 = Debug|Any CPU
		{085F9F54-3A74-4629-9E43-EEBDF094FE8B}.Debug|Mixed Platforms.ActiveCfg = Debug|Any CPU
		{085F9F54-3A74-4629-9E43-EEBDF094FE8B}.Debug|Mixed Platforms.Build.0 = Debug|Any CPU
		{085F9F54-3A74-4629-9E43-EEBDF094FE8B}.Debug|x86.ActiveCfg = Debug|Any CPU
		{085F9F54-3A74-4629-9E43-EEBDF094FE8B}.Release|Any CPU.ActiveCfg = Release|Any CPU
		{085F9F54-3A74-4629-9E43-EEBDF094FE8B}.Release|Any CPU.Build.0 = Release|Any CPU
		{085F9F54-3A74-4629-9E43-EEBDF094FE8B}.Release|Mixed Platforms.ActiveCfg = Release|Any CPU
		{085F9F54-3A74-4629-9E43-EEBDF094FE8B}.Release|Mixed Platforms.Build.0 = Release|Any CPU
		{085F9F54-3A74-4629-9E43-EEBDF094FE8B}.Release|x86.ActiveCfg = Release|Any CPU
		{3C372DE7-4940-48A3-8DA1-45FC26DAF500}.Debug|Any CPU.ActiveCfg = Debug|Any CPU
		{3C372DE7-4940-48A3-8DA1-45FC26DAF500}.Debug|Any CPU.Build.0 = Debug|Any CPU
		{3C372DE7-4940-48A3-8DA1-45FC26DAF500}.Debug|Mixed Platforms.ActiveCfg = Debug|Any CPU
		{3C372DE7-4940-48A3-8DA1-45FC26DAF500}.Debug|Mixed Platforms.Build.0 = Debug|Any CPU
		{3C372DE7-4940-48A3-8DA1-45FC26DAF500}.Debug|x86.ActiveCfg = Debug|Any CPU
		{3C372DE7-4940-48A3-8DA1-45FC26DAF500}.Release|Any CPU.ActiveCfg = Release|Any CPU
		{3C372DE7-4940-48A3-8DA1-45FC26DAF500}.Release|Any CPU.Build.0 = Release|Any CPU
		{3C372DE7-4940-48A3-8DA1-45FC26DAF500}.Release|Mixed Platforms.ActiveCfg = Release|Any CPU
		{3C372DE7-4940-48A3-8DA1-45FC26DAF500}.Release|Mixed Platforms.Build.0 = Release|Any CPU
		{3C372DE7-4940-48A3-8DA1-45FC26DAF500}.Release|x86.ActiveCfg = Release|Any CPU
		{892AC602-4809-42F2-A539-C62CDF5F1776}.Debug|Any CPU.ActiveCfg = Debug|Any CPU
		{892AC602-4809-42F2-A539-C62CDF5F1776}.Debug|Any CPU.Build.0 = Debug|Any CPU
		{892AC602-4809-42F2-A539-C62CDF5F1776}.Debug|Mixed Platforms.ActiveCfg = Debug|Any CPU
		{892AC602-4809-42F2-A539-C62CDF5F1776}.Debug|Mixed Platforms.Build.0 = Debug|Any CPU
		{892AC602-4809-42F2-A539-C62CDF5F1776}.Debug|x86.ActiveCfg = Debug|Any CPU
		{892AC602-4809-42F2-A539-C62CDF5F1776}.Release|Any CPU.ActiveCfg = Release|Any CPU
		{892AC602-4809-42F2-A539-C62CDF5F1776}.Release|Any CPU.Build.0 = Release|Any CPU
		{892AC602-4809-42F2-A539-C62CDF5F1776}.Release|Mixed Platforms.ActiveCfg = Release|Any CPU
		{892AC602-4809-42F2-A539-C62CDF5F1776}.Release|Mixed Platforms.Build.0 = Release|Any CPU
		{892AC602-4809-42F2-A539-C62CDF5F1776}.Release|x86.ActiveCfg = Release|Any CPU
		{585F4C93-2770-484F-B1DF-C8DBC76B1F19}.Debug|Any CPU.ActiveCfg = Debug|Any CPU
		{585F4C93-2770-484F-B1DF-C8DBC76B1F19}.Debug|Any CPU.Build.0 = Debug|Any CPU
		{585F4C93-2770-484F-B1DF-C8DBC76B1F19}.Debug|Mixed Platforms.ActiveCfg = Debug|Any CPU
		{585F4C93-2770-484F-B1DF-C8DBC76B1F19}.Debug|Mixed Platforms.Build.0 = Debug|Any CPU
		{585F4C93-2770-484F-B1DF-C8DBC76B1F19}.Debug|x86.ActiveCfg = Debug|Any CPU
		{585F4C93-2770-484F-B1DF-C8DBC76B1F19}.Release|Any CPU.ActiveCfg = Release|Any CPU
		{585F4C93-2770-484F-B1DF-C8DBC76B1F19}.Release|Any CPU.Build.0 = Release|Any CPU
		{585F4C93-2770-484F-B1DF-C8DBC76B1F19}.Release|Mixed Platforms.ActiveCfg = Release|Any CPU
		{585F4C93-2770-484F-B1DF-C8DBC76B1F19}.Release|Mixed Platforms.Build.0 = Release|Any CPU
		{585F4C93-2770-484F-B1DF-C8DBC76B1F19}.Release|x86.ActiveCfg = Release|Any CPU
		{81D7901E-4878-4956-AB12-E9CC1691BAF1}.Debug|Any CPU.ActiveCfg = Debug|Any CPU
		{81D7901E-4878-4956-AB12-E9CC1691BAF1}.Debug|Any CPU.Build.0 = Debug|Any CPU
		{81D7901E-4878-4956-AB12-E9CC1691BAF1}.Debug|Mixed Platforms.ActiveCfg = Debug|Any CPU
		{81D7901E-4878-4956-AB12-E9CC1691BAF1}.Debug|Mixed Platforms.Build.0 = Debug|Any CPU
		{81D7901E-4878-4956-AB12-E9CC1691BAF1}.Debug|x86.ActiveCfg = Debug|Any CPU
		{81D7901E-4878-4956-AB12-E9CC1691BAF1}.Release|Any CPU.ActiveCfg = Release|Any CPU
		{81D7901E-4878-4956-AB12-E9CC1691BAF1}.Release|Any CPU.Build.0 = Release|Any CPU
		{81D7901E-4878-4956-AB12-E9CC1691BAF1}.Release|Mixed Platforms.ActiveCfg = Release|Any CPU
		{81D7901E-4878-4956-AB12-E9CC1691BAF1}.Release|Mixed Platforms.Build.0 = Release|Any CPU
		{81D7901E-4878-4956-AB12-E9CC1691BAF1}.Release|x86.ActiveCfg = Release|Any CPU
		{001B48D7-61A3-4CE6-B7D3-B4B8EE20A24B}.Debug|Any CPU.ActiveCfg = Debug|Any CPU
		{001B48D7-61A3-4CE6-B7D3-B4B8EE20A24B}.Debug|Any CPU.Build.0 = Debug|Any CPU
		{001B48D7-61A3-4CE6-B7D3-B4B8EE20A24B}.Debug|Mixed Platforms.ActiveCfg = Debug|Any CPU
		{001B48D7-61A3-4CE6-B7D3-B4B8EE20A24B}.Debug|Mixed Platforms.Build.0 = Debug|Any CPU
		{001B48D7-61A3-4CE6-B7D3-B4B8EE20A24B}.Debug|x86.ActiveCfg = Debug|Any CPU
		{001B48D7-61A3-4CE6-B7D3-B4B8EE20A24B}.Release|Any CPU.ActiveCfg = Release|Any CPU
		{001B48D7-61A3-4CE6-B7D3-B4B8EE20A24B}.Release|Any CPU.Build.0 = Release|Any CPU
		{001B48D7-61A3-4CE6-B7D3-B4B8EE20A24B}.Release|Mixed Platforms.ActiveCfg = Release|Any CPU
		{001B48D7-61A3-4CE6-B7D3-B4B8EE20A24B}.Release|Mixed Platforms.Build.0 = Release|Any CPU
		{001B48D7-61A3-4CE6-B7D3-B4B8EE20A24B}.Release|x86.ActiveCfg = Release|Any CPU
	EndGlobalSection
	GlobalSection(SolutionProperties) = preSolution
		HideSolutionNode = FALSE
	EndGlobalSection
EndGlobal
